{
  "name": "hotel-ditalia-website",
  "lockfileVersion": 3,
  "requires": true,
  "packages": {
    "": {
      "dependencies": {
        "@radix-ui/react-tabs": "^1.1.3",
        "framer-motion": "^11.12.0",
        "gsap": "^3.12.7",
        "react": "^18.3.1",
        "react-dom": "^18.3.1",
        "react-intersection-observer": "^9.16.0"
      }
    },
    "node_modules/@radix-ui/primitive": {
      "version": "1.1.1",
      "resolved": "https://registry.npmjs.org/@radix-ui/primitive/-/primitive-1.1.1.tgz",
      "integrity": "sha512-SJ31y+Q/zAyShtXJc8x83i9TYdbAfHZ++tUZnvjJJqFjzsdUnKsxPL6IEtBlxKkU7yzer//GQtZSV4GbldL3YA=="
    },
    "node_modules/@radix-ui/react-collection": {
      "version": "1.1.2",
      "resolved": "https://registry.npmjs.org/@radix-ui/react-collection/-/react-collection-1.1.2.tgz",
      "integrity": "sha512-9z54IEKRxIa9VityapoEYMuByaG42iSy1ZXlY2KcuLSEtq8x4987/N6m15ppoMffgZX72gER2uHe1D9Y6Unlcw==",
      "dependencies": {
        "@radix-ui/react-compose-refs": "1.1.1",
        "@radix-ui/react-context": "1.1.1",
        "@radix-ui/react-primitive": "2.0.2",
        "@radix-ui/react-slot": "1.1.2"
      },
      "peerDependencies": {
        "@types/react": "*",
        "@types/react-dom": "*",
        "react": "^16.8 || ^17.0 || ^18.0 || ^19.0 || ^19.0.0-rc",
        "react-dom": "^16.8 || ^17.0 || ^18.0 || ^19.0 || ^19.0.0-rc"
      },
      "peerDependenciesMeta": {
        "@types/react": {
          "optional": true
        },
        "@types/react-dom": {
          "optional": true
        }
      }
    },
    "node_modules/@radix-ui/react-compose-refs": {
      "version": "1.1.1",
      "resolved": "https://registry.npmjs.org/@radix-ui/react-compose-refs/-/react-compose-refs-1.1.1.tgz",
      "integrity": "sha512-Y9VzoRDSJtgFMUCoiZBDVo084VQ5hfpXxVE+NgkdNsjiDBByiImMZKKhxMwCbdHvhlENG6a833CbFkOQvTricw==",
      "peerDependencies": {
        "@types/react": "*",
        "react": "^16.8 || ^17.0 || ^18.0 || ^19.0 || ^19.0.0-rc"
      },
      "peerDependenciesMeta": {
        "@types/react": {
          "optional": true
        }
      }
    },
    "node_modules/@radix-ui/react-context": {
      "version": "1.1.1",
      "resolved": "https://registry.npmjs.org/@radix-ui/react-context/-/react-context-1.1.1.tgz",
      "integrity": "sha512-UASk9zi+crv9WteK/NU4PLvOoL3OuE6BWVKNF6hPRBtYBDXQ2u5iu3O59zUlJiTVvkyuycnqrztsHVJwcK9K+Q==",
      "peerDependencies": {
        "@types/react": "*",
        "react": "^16.8 || ^17.0 || ^18.0 || ^19.0 || ^19.0.0-rc"
      },
      "peerDependenciesMeta": {
        "@types/react": {
          "optional": true
        }
      }
    },
    "node_modules/@radix-ui/react-direction": {
      "version": "1.1.0",
      "resolved": "https://registry.npmjs.org/@radix-ui/react-direction/-/react-direction-1.1.0.tgz",
      "integrity": "sha512-BUuBvgThEiAXh2DWu93XsT+a3aWrGqolGlqqw5VU1kG7p/ZH2cuDlM1sRLNnY3QcBS69UIz2mcKhMxDsdewhjg==",
      "peerDependencies": {
        "@types/react": "*",
        "react": "^16.8 || ^17.0 || ^18.0 || ^19.0 || ^19.0.0-rc"
      },
      "peerDependenciesMeta": {
        "@types/react": {
          "optional": true
        }
      }
    },
    "node_modules/@radix-ui/react-id": {
      "version": "1.1.0",
      "resolved": "https://registry.npmjs.org/@radix-ui/react-id/-/react-id-1.1.0.tgz",
      "integrity": "sha512-EJUrI8yYh7WOjNOqpoJaf1jlFIH2LvtgAl+YcFqNCa+4hj64ZXmPkAKOFs/ukjz3byN6bdb/AVUqHkI8/uWWMA==",
      "dependencies": {
        "@radix-ui/react-use-layout-effect": "1.1.0"
      },
      "peerDependencies": {
        "@types/react": "*",
        "react": "^16.8 || ^17.0 || ^18.0 || ^19.0 || ^19.0.0-rc"
      },
      "peerDependenciesMeta": {
        "@types/react": {
          "optional": true
        }
      }
    },
    "node_modules/@radix-ui/react-presence": {
      "version": "1.1.2",
      "resolved": "https://registry.npmjs.org/@radix-ui/react-presence/-/react-presence-1.1.2.tgz",
      "integrity": "sha512-18TFr80t5EVgL9x1SwF/YGtfG+l0BS0PRAlCWBDoBEiDQjeKgnNZRVJp/oVBl24sr3Gbfwc/Qpj4OcWTQMsAEg==",
      "dependencies": {
        "@radix-ui/react-compose-refs": "1.1.1",
        "@radix-ui/react-use-layout-effect": "1.1.0"
      },
      "peerDependencies": {
        "@types/react": "*",
        "@types/react-dom": "*",
        "react": "^16.8 || ^17.0 || ^18.0 || ^19.0 || ^19.0.0-rc",
        "react-dom": "^16.8 || ^17.0 || ^18.0 || ^19.0 || ^19.0.0-rc"
      },
      "peerDependenciesMeta": {
        "@types/react": {
          "optional": true
        },
        "@types/react-dom": {
          "optional": true
        }
      }
    },
    "node_modules/@radix-ui/react-primitive": {
      "version": "2.0.2",
      "resolved": "https://registry.npmjs.org/@radix-ui/react-primitive/-/react-primitive-2.0.2.tgz",
      "integrity": "sha512-Ec/0d38EIuvDF+GZjcMU/Ze6MxntVJYO/fRlCPhCaVUyPY9WTalHJw54tp9sXeJo3tlShWpy41vQRgLRGOuz+w==",
      "dependencies": {
        "@radix-ui/react-slot": "1.1.2"
      },
      "peerDependencies": {
        "@types/react": "*",
        "@types/react-dom": "*",
        "react": "^16.8 || ^17.0 || ^18.0 || ^19.0 || ^19.0.0-rc",
        "react-dom": "^16.8 || ^17.0 || ^18.0 || ^19.0 || ^19.0.0-rc"
      },
      "peerDependenciesMeta": {
        "@types/react": {
          "optional": true
        },
        "@types/react-dom": {
          "optional": true
        }
      }
    },
    "node_modules/@radix-ui/react-roving-focus": {
      "version": "1.1.2",
      "resolved": "https://registry.npmjs.org/@radix-ui/react-roving-focus/-/react-roving-focus-1.1.2.tgz",
      "integrity": "sha512-zgMQWkNO169GtGqRvYrzb0Zf8NhMHS2DuEB/TiEmVnpr5OqPU3i8lfbxaAmC2J/KYuIQxyoQQ6DxepyXp61/xw==",
      "dependencies": {
        "@radix-ui/primitive": "1.1.1",
        "@radix-ui/react-collection": "1.1.2",
        "@radix-ui/react-compose-refs": "1.1.1",
        "@radix-ui/react-context": "1.1.1",
        "@radix-ui/react-direction": "1.1.0",
        "@radix-ui/react-id": "1.1.0",
        "@radix-ui/react-primitive": "2.0.2",
        "@radix-ui/react-use-callback-ref": "1.1.0",
        "@radix-ui/react-use-controllable-state": "1.1.0"
      },
      "peerDependencies": {
        "@types/react": "*",
        "@types/react-dom": "*",
        "react": "^16.8 || ^17.0 || ^18.0 || ^19.0 || ^19.0.0-rc",
        "react-dom": "^16.8 || ^17.0 || ^18.0 || ^19.0 || ^19.0.0-rc"
      },
      "peerDependenciesMeta": {
        "@types/react": {
          "optional": true
        },
        "@types/react-dom": {
          "optional": true
        }
      }
    },
    "node_modules/@radix-ui/react-slot": {
      "version": "1.1.2",
      "resolved": "https://registry.npmjs.org/@radix-ui/react-slot/-/react-slot-1.1.2.tgz",
      "integrity": "sha512-YAKxaiGsSQJ38VzKH86/BPRC4rh+b1Jpa+JneA5LRE7skmLPNAyeG8kPJj/oo4STLvlrs8vkf/iYyc3A5stYCQ==",
      "dependencies": {
        "@radix-ui/react-compose-refs": "1.1.1"
      },
      "peerDependencies": {
        "@types/react": "*",
        "react": "^16.8 || ^17.0 || ^18.0 || ^19.0 || ^19.0.0-rc"
      },
      "peerDependenciesMeta": {
        "@types/react": {
          "optional": true
        }
      }
    },
    "node_modules/@radix-ui/react-tabs": {
      "version": "1.1.3",
      "resolved": "https://registry.npmjs.org/@radix-ui/react-tabs/-/react-tabs-1.1.3.tgz",
      "integrity": "sha512-9mFyI30cuRDImbmFF6O2KUJdgEOsGh9Vmx9x/Dh9tOhL7BngmQPQfwW4aejKm5OHpfWIdmeV6ySyuxoOGjtNng==",
      "dependencies": {
        "@radix-ui/primitive": "1.1.1",
        "@radix-ui/react-context": "1.1.1",
        "@radix-ui/react-direction": "1.1.0",
        "@radix-ui/react-id": "1.1.0",
        "@radix-ui/react-presence": "1.1.2",
        "@radix-ui/react-primitive": "2.0.2",
        "@radix-ui/react-roving-focus": "1.1.2",
        "@radix-ui/react-use-controllable-state": "1.1.0"
      },
      "peerDependencies": {
        "@types/react": "*",
        "@types/react-dom": "*",
        "react": "^16.8 || ^17.0 || ^18.0 || ^19.0 || ^19.0.0-rc",
        "react-dom": "^16.8 || ^17.0 || ^18.0 || ^19.0 || ^19.0.0-rc"
      },
      "peerDependenciesMeta": {
        "@types/react": {
          "optional": true
        },
        "@types/react-dom": {
          "optional": true
        }
      }
    },
    "node_modules/@radix-ui/react-use-callback-ref": {
      "version": "1.1.0",
      "resolved": "https://registry.npmjs.org/@radix-ui/react-use-callback-ref/-/react-use-callback-ref-1.1.0.tgz",
      "integrity": "sha512-CasTfvsy+frcFkbXtSJ2Zu9JHpN8TYKxkgJGWbjiZhFivxaeW7rMeZt7QELGVLaYVfFMsKHjb7Ak0nMEe+2Vfw==",
      "peerDependencies": {
        "@types/react": "*",
        "react": "^16.8 || ^17.0 || ^18.0 || ^19.0 || ^19.0.0-rc"
      },
      "peerDependenciesMeta": {
        "@types/react": {
          "optional": true
        }
      }
    },
    "node_modules/@radix-ui/react-use-controllable-state": {
      "version": "1.1.0",
      "resolved": "https://registry.npmjs.org/@radix-ui/react-use-controllable-state/-/react-use-controllable-state-1.1.0.tgz",
      "integrity": "sha512-MtfMVJiSr2NjzS0Aa90NPTnvTSg6C/JLCV7ma0W6+OMV78vd8OyRpID+Ng9LxzsPbLeuBnWBA1Nq30AtBIDChw==",
      "dependencies": {
        "@radix-ui/react-use-callback-ref": "1.1.0"
      },
      "peerDependencies": {
        "@types/react": "*",
        "react": "^16.8 || ^17.0 || ^18.0 || ^19.0 || ^19.0.0-rc"
      },
      "peerDependenciesMeta": {
        "@types/react": {
          "optional": true
        }
      }
    },
    "node_modules/@radix-ui/react-use-layout-effect": {
      "version": "1.1.0",
      "resolved": "https://registry.npmjs.org/@radix-ui/react-use-layout-effect/-/react-use-layout-effect-1.1.0.tgz",
      "integrity": "sha512-+FPE0rOdziWSrH9athwI1R0HDVbWlEhd+FR+aSDk4uWGmSJ9Z54sdZVDQPZAinJhJXwfT+qnj969mCsT2gfm5w==",
      "peerDependencies": {
        "@types/react": "*",
        "react": "^16.8 || ^17.0 || ^18.0 || ^19.0 || ^19.0.0-rc"
      },
      "peerDependenciesMeta": {
        "@types/react": {
          "optional": true
        }
      }
    },
    "node_modules/framer-motion": {
      "version": "11.12.0",
      "resolved": "https://registry.npmjs.org/framer-motion/-/framer-motion-11.12.0.tgz",
      "integrity": "sha512-gZaZeqFM6pX9kMVti60hYAa75jGpSsGYWAHbBfIkuHN7DkVHVkxSxeNYnrGmHuM0zPkWTzQx10ZT+fDjn7N4SA==",
      "dependencies": {
        "tslib": "^2.4.0"
      },
      "peerDependencies": {
        "@emotion/is-prop-valid": "*",
        "react": "^18.0.0",
        "react-dom": "^18.0.0"
      },
      "peerDependenciesMeta": {
        "@emotion/is-prop-valid": {
          "optional": true
        },
        "react": {
          "optional": true
        },
        "react-dom": {
          "optional": true
        }
      }
    },
    "node_modules/gsap": {
      "version": "3.12.7",
      "resolved": "https://registry.npmjs.org/gsap/-/gsap-3.12.7.tgz",
      "integrity": "sha512-V4GsyVamhmKefvcAKaoy0h6si0xX7ogwBoBSs2CTJwt7luW0oZzC0LhdkyuKV8PJAXr7Yaj8pMjCKD4GJ+eEMg=="
    },
    "node_modules/js-tokens": {
      "version": "4.0.0",
      "resolved": "https://registry.npmjs.org/js-tokens/-/js-tokens-4.0.0.tgz",
      "integrity": "sha512-RdJUflcE3cUzKiMqQgsCu06FPu9UdIJO0beYbPhHN4k6apgJtifcoCtT9bcxOpYBtpD2kCM6Sbzg4CausW/PKQ=="
    },
    "node_modules/loose-envify": {
      "version": "1.4.0",
      "resolved": "https://registry.npmjs.org/loose-envify/-/loose-envify-1.4.0.tgz",
      "integrity": "sha512-lyuxPGr/Wfhrlem2CL/UcnUc1zcqKAImBDzukY7Y5F/yQiNdko6+fRLevlw1HgMySw7f611UIY408EtxRSoK3Q==",
      "dependencies": {
        "js-tokens": "^3.0.0 || ^4.0.0"
      },
      "bin": {
        "loose-envify": "cli.js"
      }
    },
    "node_modules/react": {
      "version": "18.3.1",
      "resolved": "https://registry.npmjs.org/react/-/react-18.3.1.tgz",
      "integrity": "sha512-wS+hAgJShR0KhEvPJArfuPVN1+Hz1t0Y6n5jLrGQbkb4urgPE/0Rve+1kMB1v/oWgHgm4WIcV+i7F2pTVj+2iQ==",
      "dependencies": {
        "loose-envify": "^1.1.0"
      },
      "engines": {
        "node": ">=0.10.0"
      }
    },
    "node_modules/react-dom": {
      "version": "18.3.1",
      "resolved": "https://registry.npmjs.org/react-dom/-/react-dom-18.3.1.tgz",
      "integrity": "sha512-5m4nQKp+rZRb09LNH59GM4BxTh9251/ylbKIbpe7TpGxfJ+9kv6BLkLBXIjjspbgbnIBNqlI23tRnTWT0snUIw==",
      "dependencies": {
        "loose-envify": "^1.1.0",
        "scheduler": "^0.23.2"
      },
      "peerDependencies": {
        "react": "^18.3.1"
      }
    },
    "node_modules/react-intersection-observer": {
      "version": "9.16.0",
      "resolved": "https://registry.npmjs.org/react-intersection-observer/-/react-intersection-observer-9.16.0.tgz",
      "integrity": "sha512-w9nJSEp+DrW9KmQmeWHQyfaP6b03v+TdXynaoA964Wxt7mdR3An11z4NNCQgL4gKSK7y1ver2Fq+JKH6CWEzUA==",
      "peerDependencies": {
        "react": "^17.0.0 || ^18.0.0 || ^19.0.0",
        "react-dom": "^17.0.0 || ^18.0.0 || ^19.0.0"
      },
      "peerDependenciesMeta": {
        "react-dom": {
          "optional": true
        }
      }
    },
    "node_modules/scheduler": {
      "version": "0.23.2",
      "resolved": "https://registry.npmjs.org/scheduler/-/scheduler-0.23.2.tgz",
      "integrity": "sha512-UOShsPwz7NrMUqhR6t0hWjFduvOzbtv7toDH1/hIrfRNIDBnnBWd0CwJTGvTpngVlmwGCdP9/Zl/tVrDqcuYzQ==",
      "dependencies": {
        "loose-envify": "^1.1.0"
      }
    },
    "node_modules/tslib": {
      "version": "2.8.1",
      "resolved": "https://registry.npmjs.org/tslib/-/tslib-2.8.1.tgz",
      "integrity": "sha512-oJFu94HQb+KVduSUQL7wnpmqnfmLsOA/nAh6b6EH0wCEoK0/mPeXU6c3wKDV83MkOuHPRHtSXKKU99IBazS/2w=="
    }
  }
}
